// !$*UTF8*$!
{
	archiveVersion = 1;
	classes = {
	};
	objectVersion = 51;
	objects = {

/* Begin PBXBuildFile section */
		D8262F01264466FA0050F9CA /* SearchViewController.swift in Sources */ = {isa = PBXBuildFile; fileRef = D8262F00264466FA0050F9CA /* SearchViewController.swift */; };
		D8262F0B264467A90050F9CA /* SuggestViewController.swift in Sources */ = {isa = PBXBuildFile; fileRef = D8262F0A264467A90050F9CA /* SuggestViewController.swift */; };
		D8403D072641C4C400E95415 /* AppDelegate.swift in Sources */ = {isa = PBXBuildFile; fileRef = D8403D062641C4C400E95415 /* AppDelegate.swift */; };
		D8403D092641C4C400E95415 /* SceneDelegate.swift in Sources */ = {isa = PBXBuildFile; fileRef = D8403D082641C4C400E95415 /* SceneDelegate.swift */; };
		D8403D0E2641C4C400E95415 /* Main.storyboard in Resources */ = {isa = PBXBuildFile; fileRef = D8403D0C2641C4C400E95415 /* Main.storyboard */; };
		D8403D102641C4C500E95415 /* Assets.xcassets in Resources */ = {isa = PBXBuildFile; fileRef = D8403D0F2641C4C500E95415 /* Assets.xcassets */; };
		D8403D132641C4C500E95415 /* LaunchScreen.storyboard in Resources */ = {isa = PBXBuildFile; fileRef = D8403D112641C4C500E95415 /* LaunchScreen.storyboard */; };
		D8403D3D2641CA0F00E95415 /* GoogleService-Info.plist in Resources */ = {isa = PBXBuildFile; fileRef = D8403D3C2641CA0F00E95415 /* GoogleService-Info.plist */; };
		D8CED4012641E96D0017FD28 /* SignInViewController.swift in Sources */ = {isa = PBXBuildFile; fileRef = D8CED4002641E96D0017FD28 /* SignInViewController.swift */; };
		D8CED4062641F4100017FD28 /* SignIn.storyboard in Resources */ = {isa = PBXBuildFile; fileRef = D8CED4052641F4100017FD28 /* SignIn.storyboard */; };
		F60B849626CB4D1800C9226F /* tabBar.png in Resources */ = {isa = PBXBuildFile; fileRef = F60B849526CB4D1600C9226F /* tabBar.png */; };
		F60B849826CB506D00C9226F /* dashboardActive.png in Resources */ = {isa = PBXBuildFile; fileRef = F60B849726CB506A00C9226F /* dashboardActive.png */; };
		F60B849A26CB507200C9226F /* dashboardInactive.png in Resources */ = {isa = PBXBuildFile; fileRef = F60B849926CB507000C9226F /* dashboardInactive.png */; };
		F60B849F26CB6DDA00C9226F /* DashboardTabBar.swift in Sources */ = {isa = PBXBuildFile; fileRef = F60B849E26CB6DDA00C9226F /* DashboardTabBar.swift */; };
		F60DDB8E269E483F009DD827 /* BandVenueBorder.png in Resources */ = {isa = PBXBuildFile; fileRef = F60DDB8D269E483E009DD827 /* BandVenueBorder.png */; };
		F60E6BD72648F7C8001CA06E /* PurpleBG.png in Resources */ = {isa = PBXBuildFile; fileRef = F60E6BD62648F7C8001CA06E /* PurpleBG.png */; };
		F60E865726CC8952001DE21A /* TemporaryViewController.swift in Sources */ = {isa = PBXBuildFile; fileRef = F60E865626CC8952001DE21A /* TemporaryViewController.swift */; };
		F60EB6372656D3C400CDB6F6 /* goTonight.json in Resources */ = {isa = PBXBuildFile; fileRef = F60EB6362656D3C400CDB6F6 /* goTonight.json */; };
		F61C370426B64E2200A2235B /* VenueDetailViewController.swift in Sources */ = {isa = PBXBuildFile; fileRef = F61C370326B64E2200A2235B /* VenueDetailViewController.swift */; };
		F61C370826B64E5B00A2235B /* directionsIcon.png in Resources */ = {isa = PBXBuildFile; fileRef = F61C370626B64E5A00A2235B /* directionsIcon.png */; };
		F61C370926B64E5B00A2235B /* listenButton.png in Resources */ = {isa = PBXBuildFile; fileRef = F61C370726B64E5A00A2235B /* listenButton.png */; };
		F61C370B26B66F8600A2235B /* brickBackground.png in Resources */ = {isa = PBXBuildFile; fileRef = F61C370A26B66F8500A2235B /* brickBackground.png */; };
		F61C371126B727B400A2235B /* OperationHoursAlert.swift in Sources */ = {isa = PBXBuildFile; fileRef = F61C371026B727B400A2235B /* OperationHoursAlert.swift */; };
		F6268E1226BF695700A0B2F4 /* SearchTableViewCell.swift in Sources */ = {isa = PBXBuildFile; fileRef = F6268E1126BF695700A0B2F4 /* SearchTableViewCell.swift */; };
		F62BC4D426F54866004177BD /* SupportInfoViewController.swift in Sources */ = {isa = PBXBuildFile; fileRef = F62BC4D326F54866004177BD /* SupportInfoViewController.swift */; };
		F62EA80026D5B27D0048B7AD /* Recommendation.swift in Sources */ = {isa = PBXBuildFile; fileRef = F62EA7FF26D5B27D0048B7AD /* Recommendation.swift */; };
		F62FEB7026562A59008DEF64 /* ResetViewController.swift in Sources */ = {isa = PBXBuildFile; fileRef = F62FEB6F26562A59008DEF64 /* ResetViewController.swift */; };
		F640DD0A264E3B7300959358 /* Helper.swift in Sources */ = {isa = PBXBuildFile; fileRef = F640DD09264E3B7300959358 /* Helper.swift */; };
		F640DD0F264E432C00959358 /* DashboardTabBarController.swift in Sources */ = {isa = PBXBuildFile; fileRef = F640DD0E264E432B00959358 /* DashboardTabBarController.swift */; };
		F6497F5726BCB902005D2D4A /* Pods_Ohmicity.framework in Frameworks */ = {isa = PBXBuildFile; fileRef = 59774DC230F587A7A5A8577F /* Pods_Ohmicity.framework */; };
		F6497F5D26BCCAAB005D2D4A /* BannerAdBusinessPicsCollectionViewCell.swift in Sources */ = {isa = PBXBuildFile; fileRef = F6497F5C26BCCAAB005D2D4A /* BannerAdBusinessPicsCollectionViewCell.swift */; };
		F649ECB1264B2C5500E84408 /* Extensions.swift in Sources */ = {isa = PBXBuildFile; fileRef = F649ECB0264B2C5500E84408 /* Extensions.swift */; };
		F64E1416269F984300943371 /* BandVenueCollectionViewCell.swift in Sources */ = {isa = PBXBuildFile; fileRef = F64E1414269F984300943371 /* BandVenueCollectionViewCell.swift */; };
		F64E1419269FC3B100943371 /* LoadInitDataViewController.swift in Sources */ = {isa = PBXBuildFile; fileRef = F64E1418269FC3B100943371 /* LoadInitDataViewController.swift */; };
		F6522D5E2649AAF000912B90 /* CustomColors.swift in Sources */ = {isa = PBXBuildFile; fileRef = F6522D5D2649AAF000912B90 /* CustomColors.swift */; };
		F65BC59E26BE8E2600B62C7C /* DefaultBand.png in Resources */ = {isa = PBXBuildFile; fileRef = F65BC59D26BE8E2400B62C7C /* DefaultBand.png */; };
		F65F098D26D5AE5F008D18B1 /* RecommendViewController.swift in Sources */ = {isa = PBXBuildFile; fileRef = F65F098C26D5AE5F008D18B1 /* RecommendViewController.swift */; };
		F6615ADD26F2746B0096D59D /* BandDetailViewController.swift in Sources */ = {isa = PBXBuildFile; fileRef = F6615ADC26F2746B0096D59D /* BandDetailViewController.swift */; };
		F6615ADF26F2CC450096D59D /* ProgressCircle.swift in Sources */ = {isa = PBXBuildFile; fileRef = F6615ADE26F2CC450096D59D /* ProgressCircle.swift */; };
		F661A5FE26F6950F00A059E2 /* XityDeals.storyboard in Resources */ = {isa = PBXBuildFile; fileRef = F661A5FD26F6950F00A059E2 /* XityDeals.storyboard */; };
		F661A60026F6959E00A059E2 /* XityDealsViewController.swift in Sources */ = {isa = PBXBuildFile; fileRef = F661A5FF26F6959E00A059E2 /* XityDealsViewController.swift */; };
		F66206E926B4B9C800BDE93E /* TimeController.swift in Sources */ = {isa = PBXBuildFile; fileRef = F66206E826B4B9C800BDE93E /* TimeController.swift */; };
		F66C99C226BCD17F00A7C135 /* OperationHoursAlert.xib in Resources */ = {isa = PBXBuildFile; fileRef = F66C99C126BCD17F00A7C135 /* OperationHoursAlert.xib */; };
		F66C99C426BCD83800A7C135 /* XityShowController.swift in Sources */ = {isa = PBXBuildFile; fileRef = F66C99C326BCD83800A7C135 /* XityShowController.swift */; };
		F66C99C826BCF5D400A7C135 /* XityShow.swift in Sources */ = {isa = PBXBuildFile; fileRef = F66C99C726BCF5D400A7C135 /* XityShow.swift */; };
		F66C99CA26BD16F600A7C135 /* band.jpg in Resources */ = {isa = PBXBuildFile; fileRef = F66C99C926BD16F400A7C135 /* band.jpg */; };
		F6761ED226E6C0A700604E94 /* BusinessBandNameBackground.png in Resources */ = {isa = PBXBuildFile; fileRef = F6761ED126E6C0A400604E94 /* BusinessBandNameBackground.png */; };
		F676F0F626991C6C00C47599 /* BandsRatings.swift in Sources */ = {isa = PBXBuildFile; fileRef = F676F0EF26991C6C00C47599 /* BandsRatings.swift */; };
		F676F0F926991C6C00C47599 /* Show.swift in Sources */ = {isa = PBXBuildFile; fileRef = F676F0F226991C6C00C47599 /* Show.swift */; };
		F676F0FA26991C6C00C47599 /* Business.swift in Sources */ = {isa = PBXBuildFile; fileRef = F676F0F326991C6C00C47599 /* Business.swift */; };
		F676F0FB26991C6C00C47599 /* Band.swift in Sources */ = {isa = PBXBuildFile; fileRef = F676F0F426991C6C00C47599 /* Band.swift */; };
		F676F0FD2699309B00C47599 /* LastModifiedDateHandler.swift in Sources */ = {isa = PBXBuildFile; fileRef = F676F0FC2699309B00C47599 /* LastModifiedDateHandler.swift */; };
		F676F0FF269947B300C47599 /* BandController.swift in Sources */ = {isa = PBXBuildFile; fileRef = F676F0FE269947B300C47599 /* BandController.swift */; };
		F676F101269947D300C47599 /* Enumerations.swift in Sources */ = {isa = PBXBuildFile; fileRef = F676F100269947D300C47599 /* Enumerations.swift */; };
		F676F1032699496200C47599 /* ShowController.swift in Sources */ = {isa = PBXBuildFile; fileRef = F676F1022699496200C47599 /* ShowController.swift */; };
		F67990FE26977ED7000FDC5E /* ProfileViewController.swift in Sources */ = {isa = PBXBuildFile; fileRef = F67990FD26977ED7000FDC5E /* ProfileViewController.swift */; };
		F67991002697AB54000FDC5E /* Notifications.swift in Sources */ = {isa = PBXBuildFile; fileRef = F67990FF2697AB54000FDC5E /* Notifications.swift */; };
		F67991052697E2A0000FDC5E /* BusinessController.swift in Sources */ = {isa = PBXBuildFile; fileRef = F67991042697E2A0000FDC5E /* BusinessController.swift */; };
		F67991072697F171000FDC5E /* FireStoreReferenceManager.swift in Sources */ = {isa = PBXBuildFile; fileRef = F67991062697F171000FDC5E /* FireStoreReferenceManager.swift */; };
		F67E64E626B0A4DF00ED75D0 /* BusinessBannerAd.swift in Sources */ = {isa = PBXBuildFile; fileRef = F67E64E526B0A4DF00ED75D0 /* BusinessBannerAd.swift */; };
		F67E64E826B0D27900ED75D0 /* BusinessBannerAdController.swift in Sources */ = {isa = PBXBuildFile; fileRef = F67E64E726B0D27900ED75D0 /* BusinessBannerAdController.swift */; };
		F687CD6726F45ECA00412C07 /* CurrentUser.swift in Sources */ = {isa = PBXBuildFile; fileRef = F687CD6626F45ECA00412C07 /* CurrentUser.swift */; };
		F687CD6926F45EF300412C07 /* XitySupport.swift in Sources */ = {isa = PBXBuildFile; fileRef = F687CD6826F45EF300412C07 /* XitySupport.swift */; };
		F687CD6B26F46AC500412C07 /* XitySupportController.swift in Sources */ = {isa = PBXBuildFile; fileRef = F687CD6A26F46AC500412C07 /* XitySupportController.swift */; };
		F687CD6D26F4980100412C07 /* xitySupportIcon.png in Resources */ = {isa = PBXBuildFile; fileRef = F687CD6C26F4980000412C07 /* xitySupportIcon.png */; };
		F68848C126ED8782001D06C5 /* rate.jpg in Resources */ = {isa = PBXBuildFile; fileRef = F68848BF26ED8779001D06C5 /* rate.jpg */; };
		F68848C226ED8782001D06C5 /* reminders.jpg in Resources */ = {isa = PBXBuildFile; fileRef = F68848C026ED877E001D06C5 /* reminders.jpg */; };
		F6923D26264E7F6400A2E036 /* DashboardViewController.swift in Sources */ = {isa = PBXBuildFile; fileRef = F6923D25264E7F6400A2E036 /* DashboardViewController.swift */; };
		F696A72D26AB623A009CB1BD /* CitiesCollectionViewCell.swift in Sources */ = {isa = PBXBuildFile; fileRef = F696A72C26AB623A009CB1BD /* CitiesCollectionViewCell.swift */; };
		F696A73426AB7079009CB1BD /* tampa.png in Resources */ = {isa = PBXBuildFile; fileRef = F696A72E26AB7072009CB1BD /* tampa.png */; };
		F696A73526AB7079009CB1BD /* stpete.png in Resources */ = {isa = PBXBuildFile; fileRef = F696A72F26AB7074009CB1BD /* stpete.png */; };
		F696A73726AB7079009CB1BD /* venice.png in Resources */ = {isa = PBXBuildFile; fileRef = F696A73126AB7076009CB1BD /* venice.png */; };
		F696A73826AB7079009CB1BD /* ybor.png in Resources */ = {isa = PBXBuildFile; fileRef = F696A73226AB7077009CB1BD /* ybor.png */; };
		F696A73926AB7079009CB1BD /* sarasota.png in Resources */ = {isa = PBXBuildFile; fileRef = F696A73326AB7078009CB1BD /* sarasota.png */; };
		F696A73D26ABB806009CB1BD /* BandVenueBorderXityPick.png in Resources */ = {isa = PBXBuildFile; fileRef = F696A73C26ABB805009CB1BD /* BandVenueBorderXityPick.png */; };
		F699FFE126C6121A00C73CD6 /* XityBusiness.swift in Sources */ = {isa = PBXBuildFile; fileRef = F699FFE026C6121A00C73CD6 /* XityBusiness.swift */; };
		F699FFE326C613C400C73CD6 /* XityBand.swift in Sources */ = {isa = PBXBuildFile; fileRef = F699FFE226C613C400C73CD6 /* XityBand.swift */; };
		F699FFE526C614ED00C73CD6 /* XityBandController.swift in Sources */ = {isa = PBXBuildFile; fileRef = F699FFE426C614ED00C73CD6 /* XityBandController.swift */; };
		F699FFE726C6179800C73CD6 /* XityBusinessController.swift in Sources */ = {isa = PBXBuildFile; fileRef = F699FFE626C6179800C73CD6 /* XityBusinessController.swift */; };
		F6D5946026BBB1DA005D0DEC /* CurrentUserController.swift in Sources */ = {isa = PBXBuildFile; fileRef = F6D5945F26BBB1DA005D0DEC /* CurrentUserController.swift */; };
		F6D67C1B26D75F3400B4823D /* UserAdController.swift in Sources */ = {isa = PBXBuildFile; fileRef = F6D67C1A26D75F3400B4823D /* UserAdController.swift */; };
		F6DBFDA726E9900C001D7520 /* loginLogo.png in Resources */ = {isa = PBXBuildFile; fileRef = F6DBFDA626E9900B001D7520 /* loginLogo.png */; };
		F6DBFDAB26E9BB5D001D7520 /* PurchaseViewController.swift in Sources */ = {isa = PBXBuildFile; fileRef = F6DBFDAA26E9BB5D001D7520 /* PurchaseViewController.swift */; };
		F6DBFDAE26E9CE45001D7520 /* noAds.jpg in Resources */ = {isa = PBXBuildFile; fileRef = F6DBFDAC26E9CE42001D7520 /* noAds.jpg */; };
		F6DBFDB126E9CE56001D7520 /* unltdFavs.jpg in Resources */ = {isa = PBXBuildFile; fileRef = F6DBFDB026E9CE53001D7520 /* unltdFavs.jpg */; };
		F6DBFDB326E9D88A001D7520 /* SubscriptionType.swift in Sources */ = {isa = PBXBuildFile; fileRef = F6DBFDB226E9D88A001D7520 /* SubscriptionType.swift */; };
		F6DBFDB526E9DCC0001D7520 /* SubscriptionTypeController.swift in Sources */ = {isa = PBXBuildFile; fileRef = F6DBFDB426E9DCC0001D7520 /* SubscriptionTypeController.swift */; };
		F6DD860F264E658A00C90938 /* SettingsViewController.swift in Sources */ = {isa = PBXBuildFile; fileRef = F6DD860E264E658A00C90938 /* SettingsViewController.swift */; };
		F6E8EF5126E70B5800831544 /* PreferredCityTableViewCell.swift in Sources */ = {isa = PBXBuildFile; fileRef = F6E8EF5026E70B5800831544 /* PreferredCityTableViewCell.swift */; };
		F6E8EF5B26E70FD000831544 /* PreferredCityTableViewController.swift in Sources */ = {isa = PBXBuildFile; fileRef = F6E8EF5A26E70FD000831544 /* PreferredCityTableViewController.swift */; };
		F6E8EF5D26E71E4F00831544 /* SettingsController.swift in Sources */ = {isa = PBXBuildFile; fileRef = F6E8EF5C26E71E4F00831544 /* SettingsController.swift */; };
		F6F3DB3B26AF172900C49016 /* bradenton.png in Resources */ = {isa = PBXBuildFile; fileRef = F6F3DB3A26AF172800C49016 /* bradenton.png */; };
		F6F3DB4526AF337C00C49016 /* restaurant.png in Resources */ = {isa = PBXBuildFile; fileRef = F6F3DB3F26AF337400C49016 /* restaurant.png */; };
		F6F3DB4626AF337C00C49016 /* club.png in Resources */ = {isa = PBXBuildFile; fileRef = F6F3DB4026AF337600C49016 /* club.png */; };
		F6F3DB4726AF337C00C49016 /* outdoors.png in Resources */ = {isa = PBXBuildFile; fileRef = F6F3DB4126AF337700C49016 /* outdoors.png */; };
		F6F3DB4826AF337C00C49016 /* bar.png in Resources */ = {isa = PBXBuildFile; fileRef = F6F3DB4226AF337800C49016 /* bar.png */; };
		F6F3DB4926AF337C00C49016 /* livemusic.png in Resources */ = {isa = PBXBuildFile; fileRef = F6F3DB4326AF337900C49016 /* livemusic.png */; };
		F6F3DB4A26AF337C00C49016 /* family.png in Resources */ = {isa = PBXBuildFile; fileRef = F6F3DB4426AF337B00C49016 /* family.png */; };
		F6FD18CA26EAB74400B145AC /* PurchaseCollectionViewCell.swift in Sources */ = {isa = PBXBuildFile; fileRef = F6FD18C926EAB74400B145AC /* PurchaseCollectionViewCell.swift */; };
/* End PBXBuildFile section */

/* Begin PBXFileReference section */
		59774DC230F587A7A5A8577F /* Pods_Ohmicity.framework */ = {isa = PBXFileReference; explicitFileType = wrapper.framework; includeInIndex = 0; path = Pods_Ohmicity.framework; sourceTree = BUILT_PRODUCTS_DIR; };
		D07375228563F50E49F50E2B /* Pods-Ohmicity.debug.xcconfig */ = {isa = PBXFileReference; includeInIndex = 1; lastKnownFileType = text.xcconfig; name = "Pods-Ohmicity.debug.xcconfig"; path = "Target Support Files/Pods-Ohmicity/Pods-Ohmicity.debug.xcconfig"; sourceTree = "<group>"; };
		D8262F00264466FA0050F9CA /* SearchViewController.swift */ = {isa = PBXFileReference; lastKnownFileType = sourcecode.swift; path = SearchViewController.swift; sourceTree = "<group>"; };
		D8262F0A264467A90050F9CA /* SuggestViewController.swift */ = {isa = PBXFileReference; lastKnownFileType = sourcecode.swift; path = SuggestViewController.swift; sourceTree = "<group>"; };
		D8403D032641C4C400E95415 /* Ohmicity.app */ = {isa = PBXFileReference; explicitFileType = wrapper.application; includeInIndex = 0; path = Ohmicity.app; sourceTree = BUILT_PRODUCTS_DIR; };
		D8403D062641C4C400E95415 /* AppDelegate.swift */ = {isa = PBXFileReference; lastKnownFileType = sourcecode.swift; path = AppDelegate.swift; sourceTree = "<group>"; };
		D8403D082641C4C400E95415 /* SceneDelegate.swift */ = {isa = PBXFileReference; lastKnownFileType = sourcecode.swift; path = SceneDelegate.swift; sourceTree = "<group>"; };
		D8403D0D2641C4C400E95415 /* Base */ = {isa = PBXFileReference; lastKnownFileType = file.storyboard; name = Base; path = Base.lproj/Main.storyboard; sourceTree = "<group>"; };
		D8403D0F2641C4C500E95415 /* Assets.xcassets */ = {isa = PBXFileReference; lastKnownFileType = folder.assetcatalog; path = Assets.xcassets; sourceTree = "<group>"; };
		D8403D122641C4C500E95415 /* Base */ = {isa = PBXFileReference; lastKnownFileType = file.storyboard; name = Base; path = Base.lproj/LaunchScreen.storyboard; sourceTree = "<group>"; };
		D8403D142641C4C500E95415 /* Info.plist */ = {isa = PBXFileReference; lastKnownFileType = text.plist.xml; path = Info.plist; sourceTree = "<group>"; };
		D8403D3C2641CA0F00E95415 /* GoogleService-Info.plist */ = {isa = PBXFileReference; fileEncoding = 4; lastKnownFileType = text.plist.xml; path = "GoogleService-Info.plist"; sourceTree = "<group>"; };
		D8CED4002641E96D0017FD28 /* SignInViewController.swift */ = {isa = PBXFileReference; lastKnownFileType = sourcecode.swift; path = SignInViewController.swift; sourceTree = "<group>"; };
		D8CED4052641F4100017FD28 /* SignIn.storyboard */ = {isa = PBXFileReference; lastKnownFileType = file.storyboard; path = SignIn.storyboard; sourceTree = "<group>"; };
		DEBE90EF617AC7701CBA0F7E /* Pods-Ohmicity.release.xcconfig */ = {isa = PBXFileReference; includeInIndex = 1; lastKnownFileType = text.xcconfig; name = "Pods-Ohmicity.release.xcconfig"; path = "Target Support Files/Pods-Ohmicity/Pods-Ohmicity.release.xcconfig"; sourceTree = "<group>"; };
		F60B849526CB4D1600C9226F /* tabBar.png */ = {isa = PBXFileReference; lastKnownFileType = image.png; path = tabBar.png; sourceTree = "<group>"; };
		F60B849726CB506A00C9226F /* dashboardActive.png */ = {isa = PBXFileReference; lastKnownFileType = image.png; path = dashboardActive.png; sourceTree = "<group>"; };
		F60B849926CB507000C9226F /* dashboardInactive.png */ = {isa = PBXFileReference; lastKnownFileType = image.png; path = dashboardInactive.png; sourceTree = "<group>"; };
		F60B849E26CB6DDA00C9226F /* DashboardTabBar.swift */ = {isa = PBXFileReference; lastKnownFileType = sourcecode.swift; path = DashboardTabBar.swift; sourceTree = "<group>"; };
		F60DDB8D269E483E009DD827 /* BandVenueBorder.png */ = {isa = PBXFileReference; lastKnownFileType = image.png; path = BandVenueBorder.png; sourceTree = "<group>"; };
		F60E6BD62648F7C8001CA06E /* PurpleBG.png */ = {isa = PBXFileReference; lastKnownFileType = image.png; path = PurpleBG.png; sourceTree = "<group>"; };
		F60E865626CC8952001DE21A /* TemporaryViewController.swift */ = {isa = PBXFileReference; lastKnownFileType = sourcecode.swift; name = TemporaryViewController.swift; path = Temporary/TemporaryViewController.swift; sourceTree = "<group>"; };
		F60EB6362656D3C400CDB6F6 /* goTonight.json */ = {isa = PBXFileReference; fileEncoding = 4; lastKnownFileType = text.json; path = goTonight.json; sourceTree = "<group>"; };
		F61C370326B64E2200A2235B /* VenueDetailViewController.swift */ = {isa = PBXFileReference; fileEncoding = 4; lastKnownFileType = sourcecode.swift; path = VenueDetailViewController.swift; sourceTree = "<group>"; };
		F61C370626B64E5A00A2235B /* directionsIcon.png */ = {isa = PBXFileReference; lastKnownFileType = image.png; path = directionsIcon.png; sourceTree = "<group>"; };
		F61C370726B64E5A00A2235B /* listenButton.png */ = {isa = PBXFileReference; lastKnownFileType = image.png; path = listenButton.png; sourceTree = "<group>"; };
		F61C370A26B66F8500A2235B /* brickBackground.png */ = {isa = PBXFileReference; lastKnownFileType = image.png; path = brickBackground.png; sourceTree = "<group>"; };
		F61C371026B727B400A2235B /* OperationHoursAlert.swift */ = {isa = PBXFileReference; lastKnownFileType = sourcecode.swift; path = OperationHoursAlert.swift; sourceTree = "<group>"; };
		F6268E1126BF695700A0B2F4 /* SearchTableViewCell.swift */ = {isa = PBXFileReference; lastKnownFileType = sourcecode.swift; path = SearchTableViewCell.swift; sourceTree = "<group>"; };
		F62BC4D326F54866004177BD /* SupportInfoViewController.swift */ = {isa = PBXFileReference; lastKnownFileType = sourcecode.swift; path = SupportInfoViewController.swift; sourceTree = "<group>"; };
		F62EA7FF26D5B27D0048B7AD /* Recommendation.swift */ = {isa = PBXFileReference; lastKnownFileType = sourcecode.swift; path = Recommendation.swift; sourceTree = "<group>"; };
		F62FEB6F26562A59008DEF64 /* ResetViewController.swift */ = {isa = PBXFileReference; lastKnownFileType = sourcecode.swift; path = ResetViewController.swift; sourceTree = "<group>"; };
		F640DD09264E3B7300959358 /* Helper.swift */ = {isa = PBXFileReference; lastKnownFileType = sourcecode.swift; path = Helper.swift; sourceTree = "<group>"; };
		F640DD0E264E432B00959358 /* DashboardTabBarController.swift */ = {isa = PBXFileReference; lastKnownFileType = sourcecode.swift; path = DashboardTabBarController.swift; sourceTree = "<group>"; };
		F6497F5C26BCCAAB005D2D4A /* BannerAdBusinessPicsCollectionViewCell.swift */ = {isa = PBXFileReference; fileEncoding = 4; lastKnownFileType = sourcecode.swift; path = BannerAdBusinessPicsCollectionViewCell.swift; sourceTree = "<group>"; };
		F649ECB0264B2C5500E84408 /* Extensions.swift */ = {isa = PBXFileReference; lastKnownFileType = sourcecode.swift; path = Extensions.swift; sourceTree = "<group>"; };
		F64E1414269F984300943371 /* BandVenueCollectionViewCell.swift */ = {isa = PBXFileReference; lastKnownFileType = sourcecode.swift; path = BandVenueCollectionViewCell.swift; sourceTree = "<group>"; };
		F64E1418269FC3B100943371 /* LoadInitDataViewController.swift */ = {isa = PBXFileReference; lastKnownFileType = sourcecode.swift; path = LoadInitDataViewController.swift; sourceTree = "<group>"; };
		F6522D5D2649AAF000912B90 /* CustomColors.swift */ = {isa = PBXFileReference; lastKnownFileType = sourcecode.swift; path = CustomColors.swift; sourceTree = "<group>"; };
		F65BC59D26BE8E2400B62C7C /* DefaultBand.png */ = {isa = PBXFileReference; lastKnownFileType = image.png; path = DefaultBand.png; sourceTree = "<group>"; };
		F65F098C26D5AE5F008D18B1 /* RecommendViewController.swift */ = {isa = PBXFileReference; fileEncoding = 4; lastKnownFileType = sourcecode.swift; path = RecommendViewController.swift; sourceTree = "<group>"; };
		F6615ADC26F2746B0096D59D /* BandDetailViewController.swift */ = {isa = PBXFileReference; lastKnownFileType = sourcecode.swift; path = BandDetailViewController.swift; sourceTree = "<group>"; };
		F6615ADE26F2CC450096D59D /* ProgressCircle.swift */ = {isa = PBXFileReference; lastKnownFileType = sourcecode.swift; path = ProgressCircle.swift; sourceTree = "<group>"; };
		F661A5FD26F6950F00A059E2 /* XityDeals.storyboard */ = {isa = PBXFileReference; lastKnownFileType = file.storyboard; path = XityDeals.storyboard; sourceTree = "<group>"; };
		F661A5FF26F6959E00A059E2 /* XityDealsViewController.swift */ = {isa = PBXFileReference; lastKnownFileType = sourcecode.swift; path = XityDealsViewController.swift; sourceTree = "<group>"; };
		F66206E826B4B9C800BDE93E /* TimeController.swift */ = {isa = PBXFileReference; lastKnownFileType = sourcecode.swift; path = TimeController.swift; sourceTree = "<group>"; };
		F66C99C126BCD17F00A7C135 /* OperationHoursAlert.xib */ = {isa = PBXFileReference; fileEncoding = 4; lastKnownFileType = file.xib; path = OperationHoursAlert.xib; sourceTree = "<group>"; };
		F66C99C326BCD83800A7C135 /* XityShowController.swift */ = {isa = PBXFileReference; lastKnownFileType = sourcecode.swift; path = XityShowController.swift; sourceTree = "<group>"; };
		F66C99C626BCDA6200A7C135 /* MyPlayground.playground */ = {isa = PBXFileReference; lastKnownFileType = file.playground; path = MyPlayground.playground; sourceTree = "<group>"; xcLanguageSpecificationIdentifier = xcode.lang.swift; };
		F66C99C726BCF5D400A7C135 /* XityShow.swift */ = {isa = PBXFileReference; lastKnownFileType = sourcecode.swift; path = XityShow.swift; sourceTree = "<group>"; };
		F66C99C926BD16F400A7C135 /* band.jpg */ = {isa = PBXFileReference; lastKnownFileType = image.jpeg; path = band.jpg; sourceTree = "<group>"; };
		F6761ED126E6C0A400604E94 /* BusinessBandNameBackground.png */ = {isa = PBXFileReference; lastKnownFileType = image.png; path = BusinessBandNameBackground.png; sourceTree = "<group>"; };
		F676F0EF26991C6C00C47599 /* BandsRatings.swift */ = {isa = PBXFileReference; fileEncoding = 4; lastKnownFileType = sourcecode.swift; path = BandsRatings.swift; sourceTree = "<group>"; };
		F676F0F226991C6C00C47599 /* Show.swift */ = {isa = PBXFileReference; fileEncoding = 4; lastKnownFileType = sourcecode.swift; path = Show.swift; sourceTree = "<group>"; };
		F676F0F326991C6C00C47599 /* Business.swift */ = {isa = PBXFileReference; fileEncoding = 4; lastKnownFileType = sourcecode.swift; path = Business.swift; sourceTree = "<group>"; };
		F676F0F426991C6C00C47599 /* Band.swift */ = {isa = PBXFileReference; fileEncoding = 4; lastKnownFileType = sourcecode.swift; path = Band.swift; sourceTree = "<group>"; };
		F676F0FC2699309B00C47599 /* LastModifiedDateHandler.swift */ = {isa = PBXFileReference; lastKnownFileType = sourcecode.swift; path = LastModifiedDateHandler.swift; sourceTree = "<group>"; };
		F676F0FE269947B300C47599 /* BandController.swift */ = {isa = PBXFileReference; lastKnownFileType = sourcecode.swift; path = BandController.swift; sourceTree = "<group>"; };
		F676F100269947D300C47599 /* Enumerations.swift */ = {isa = PBXFileReference; lastKnownFileType = sourcecode.swift; path = Enumerations.swift; sourceTree = "<group>"; };
		F676F1022699496200C47599 /* ShowController.swift */ = {isa = PBXFileReference; lastKnownFileType = sourcecode.swift; path = ShowController.swift; sourceTree = "<group>"; };
		F67990FD26977ED7000FDC5E /* ProfileViewController.swift */ = {isa = PBXFileReference; lastKnownFileType = sourcecode.swift; path = ProfileViewController.swift; sourceTree = "<group>"; };
		F67990FF2697AB54000FDC5E /* Notifications.swift */ = {isa = PBXFileReference; lastKnownFileType = sourcecode.swift; path = Notifications.swift; sourceTree = "<group>"; };
		F67991042697E2A0000FDC5E /* BusinessController.swift */ = {isa = PBXFileReference; lastKnownFileType = sourcecode.swift; path = BusinessController.swift; sourceTree = "<group>"; };
		F67991062697F171000FDC5E /* FireStoreReferenceManager.swift */ = {isa = PBXFileReference; lastKnownFileType = sourcecode.swift; path = FireStoreReferenceManager.swift; sourceTree = "<group>"; };
		F67E64E526B0A4DF00ED75D0 /* BusinessBannerAd.swift */ = {isa = PBXFileReference; lastKnownFileType = sourcecode.swift; path = BusinessBannerAd.swift; sourceTree = "<group>"; };
		F67E64E726B0D27900ED75D0 /* BusinessBannerAdController.swift */ = {isa = PBXFileReference; lastKnownFileType = sourcecode.swift; path = BusinessBannerAdController.swift; sourceTree = "<group>"; };
		F687CD6626F45ECA00412C07 /* CurrentUser.swift */ = {isa = PBXFileReference; fileEncoding = 4; lastKnownFileType = sourcecode.swift; path = CurrentUser.swift; sourceTree = "<group>"; };
		F687CD6826F45EF300412C07 /* XitySupport.swift */ = {isa = PBXFileReference; lastKnownFileType = sourcecode.swift; path = XitySupport.swift; sourceTree = "<group>"; };
		F687CD6A26F46AC500412C07 /* XitySupportController.swift */ = {isa = PBXFileReference; lastKnownFileType = sourcecode.swift; path = XitySupportController.swift; sourceTree = "<group>"; };
		F687CD6C26F4980000412C07 /* xitySupportIcon.png */ = {isa = PBXFileReference; lastKnownFileType = image.png; path = xitySupportIcon.png; sourceTree = "<group>"; };
		F68848BF26ED8779001D06C5 /* rate.jpg */ = {isa = PBXFileReference; lastKnownFileType = image.jpeg; path = rate.jpg; sourceTree = "<group>"; };
		F68848C026ED877E001D06C5 /* reminders.jpg */ = {isa = PBXFileReference; lastKnownFileType = image.jpeg; path = reminders.jpg; sourceTree = "<group>"; };
		F6923D25264E7F6400A2E036 /* DashboardViewController.swift */ = {isa = PBXFileReference; fileEncoding = 4; lastKnownFileType = sourcecode.swift; path = DashboardViewController.swift; sourceTree = "<group>"; };
		F696A72C26AB623A009CB1BD /* CitiesCollectionViewCell.swift */ = {isa = PBXFileReference; lastKnownFileType = sourcecode.swift; path = CitiesCollectionViewCell.swift; sourceTree = "<group>"; };
		F696A72E26AB7072009CB1BD /* tampa.png */ = {isa = PBXFileReference; lastKnownFileType = image.png; path = tampa.png; sourceTree = "<group>"; };
		F696A72F26AB7074009CB1BD /* stpete.png */ = {isa = PBXFileReference; lastKnownFileType = image.png; path = stpete.png; sourceTree = "<group>"; };
		F696A73126AB7076009CB1BD /* venice.png */ = {isa = PBXFileReference; lastKnownFileType = image.png; path = venice.png; sourceTree = "<group>"; };
		F696A73226AB7077009CB1BD /* ybor.png */ = {isa = PBXFileReference; lastKnownFileType = image.png; path = ybor.png; sourceTree = "<group>"; };
		F696A73326AB7078009CB1BD /* sarasota.png */ = {isa = PBXFileReference; lastKnownFileType = image.png; path = sarasota.png; sourceTree = "<group>"; };
		F696A73C26ABB805009CB1BD /* BandVenueBorderXityPick.png */ = {isa = PBXFileReference; lastKnownFileType = image.png; path = BandVenueBorderXityPick.png; sourceTree = "<group>"; };
		F699FFE026C6121A00C73CD6 /* XityBusiness.swift */ = {isa = PBXFileReference; lastKnownFileType = sourcecode.swift; path = XityBusiness.swift; sourceTree = "<group>"; };
		F699FFE226C613C400C73CD6 /* XityBand.swift */ = {isa = PBXFileReference; lastKnownFileType = sourcecode.swift; path = XityBand.swift; sourceTree = "<group>"; };
		F699FFE426C614ED00C73CD6 /* XityBandController.swift */ = {isa = PBXFileReference; lastKnownFileType = sourcecode.swift; path = XityBandController.swift; sourceTree = "<group>"; };
		F699FFE626C6179800C73CD6 /* XityBusinessController.swift */ = {isa = PBXFileReference; lastKnownFileType = sourcecode.swift; path = XityBusinessController.swift; sourceTree = "<group>"; };
		F6D5945F26BBB1DA005D0DEC /* CurrentUserController.swift */ = {isa = PBXFileReference; lastKnownFileType = sourcecode.swift; path = CurrentUserController.swift; sourceTree = "<group>"; };
		F6D67C1A26D75F3400B4823D /* UserAdController.swift */ = {isa = PBXFileReference; lastKnownFileType = sourcecode.swift; path = UserAdController.swift; sourceTree = "<group>"; };
		F6DBFDA626E9900B001D7520 /* loginLogo.png */ = {isa = PBXFileReference; lastKnownFileType = image.png; path = loginLogo.png; sourceTree = "<group>"; };
		F6DBFDAA26E9BB5D001D7520 /* PurchaseViewController.swift */ = {isa = PBXFileReference; lastKnownFileType = sourcecode.swift; path = PurchaseViewController.swift; sourceTree = "<group>"; };
		F6DBFDAC26E9CE42001D7520 /* noAds.jpg */ = {isa = PBXFileReference; lastKnownFileType = image.jpeg; path = noAds.jpg; sourceTree = "<group>"; };
		F6DBFDB026E9CE53001D7520 /* unltdFavs.jpg */ = {isa = PBXFileReference; lastKnownFileType = image.jpeg; path = unltdFavs.jpg; sourceTree = "<group>"; };
		F6DBFDB226E9D88A001D7520 /* SubscriptionType.swift */ = {isa = PBXFileReference; lastKnownFileType = sourcecode.swift; path = SubscriptionType.swift; sourceTree = "<group>"; };
		F6DBFDB426E9DCC0001D7520 /* SubscriptionTypeController.swift */ = {isa = PBXFileReference; lastKnownFileType = sourcecode.swift; path = SubscriptionTypeController.swift; sourceTree = "<group>"; };
		F6DD860E264E658A00C90938 /* SettingsViewController.swift */ = {isa = PBXFileReference; lastKnownFileType = sourcecode.swift; path = SettingsViewController.swift; sourceTree = "<group>"; };
		F6E8EF5026E70B5800831544 /* PreferredCityTableViewCell.swift */ = {isa = PBXFileReference; lastKnownFileType = sourcecode.swift; path = PreferredCityTableViewCell.swift; sourceTree = "<group>"; };
		F6E8EF5A26E70FD000831544 /* PreferredCityTableViewController.swift */ = {isa = PBXFileReference; lastKnownFileType = sourcecode.swift; path = PreferredCityTableViewController.swift; sourceTree = "<group>"; };
		F6E8EF5C26E71E4F00831544 /* SettingsController.swift */ = {isa = PBXFileReference; lastKnownFileType = sourcecode.swift; path = SettingsController.swift; sourceTree = "<group>"; };
		F6F3DB3A26AF172800C49016 /* bradenton.png */ = {isa = PBXFileReference; lastKnownFileType = image.png; path = bradenton.png; sourceTree = "<group>"; };
		F6F3DB3F26AF337400C49016 /* restaurant.png */ = {isa = PBXFileReference; lastKnownFileType = image.png; path = restaurant.png; sourceTree = "<group>"; };
		F6F3DB4026AF337600C49016 /* club.png */ = {isa = PBXFileReference; lastKnownFileType = image.png; path = club.png; sourceTree = "<group>"; };
		F6F3DB4126AF337700C49016 /* outdoors.png */ = {isa = PBXFileReference; lastKnownFileType = image.png; path = outdoors.png; sourceTree = "<group>"; };
		F6F3DB4226AF337800C49016 /* bar.png */ = {isa = PBXFileReference; lastKnownFileType = image.png; path = bar.png; sourceTree = "<group>"; };
		F6F3DB4326AF337900C49016 /* livemusic.png */ = {isa = PBXFileReference; lastKnownFileType = image.png; path = livemusic.png; sourceTree = "<group>"; };
		F6F3DB4426AF337B00C49016 /* family.png */ = {isa = PBXFileReference; lastKnownFileType = image.png; path = family.png; sourceTree = "<group>"; };
		F6FD18C926EAB74400B145AC /* PurchaseCollectionViewCell.swift */ = {isa = PBXFileReference; lastKnownFileType = sourcecode.swift; path = PurchaseCollectionViewCell.swift; sourceTree = "<group>"; };
/* End PBXFileReference section */

/* Begin PBXFrameworksBuildPhase section */
		D8403D002641C4C400E95415 /* Frameworks */ = {
			isa = PBXFrameworksBuildPhase;
			buildActionMask = 2147483647;
			files = (
				F6497F5726BCB902005D2D4A /* Pods_Ohmicity.framework in Frameworks */,
			);
			runOnlyForDeploymentPostprocessing = 0;
		};
/* End PBXFrameworksBuildPhase section */

/* Begin PBXGroup section */
		774EDA1CD1EB166EB9631C7A /* Frameworks */ = {
			isa = PBXGroup;
			children = (
				59774DC230F587A7A5A8577F /* Pods_Ohmicity.framework */,
			);
			name = Frameworks;
			sourceTree = "<group>";
		};
		D8403CFA2641C4C400E95415 = {
			isa = PBXGroup;
			children = (
				F66C99C626BCDA6200A7C135 /* MyPlayground.playground */,
				F6522D622649AAF400912B90 /* Helpers */,
				D8403D052641C4C400E95415 /* Ohmicity */,
				D8403D042641C4C400E95415 /* Products */,
				F6F59D254F66DCB6A2224A40 /* Pods */,
				774EDA1CD1EB166EB9631C7A /* Frameworks */,
			);
			sourceTree = "<group>";
		};
		D8403D042641C4C400E95415 /* Products */ = {
			isa = PBXGroup;
			children = (
				D8403D032641C4C400E95415 /* Ohmicity.app */,
			);
			name = Products;
			sourceTree = "<group>";
		};
		D8403D052641C4C400E95415 /* Ohmicity */ = {
			isa = PBXGroup;
			children = (
				F640DD13264E4B9600959358 /* Views */,
				F67109EF264B64F000FC479B /* Models */,
				F60E6BCD2648F36B001CA06E /* Images */,
				D8CED3F22641E3880017FD28 /* Controllers */,
				F60E6BC82648F259001CA06E /* Storyboard */,
				F60E6BC92648F2AE001CA06E /* Assets */,
			);
			path = Ohmicity;
			sourceTree = "<group>";
		};
		D8CED3F22641E3880017FD28 /* Controllers */ = {
			isa = PBXGroup;
			children = (
				F66C99C526BCD83E00A7C135 /* Logic Controllers */,
				F67991032697E278000FDC5E /* Model Controllers */,
				F640DD14264E4BB700959358 /* Login */,
				F62FEB6B26562A1A008DEF64 /* Settings */,
				F64E1418269FC3B100943371 /* LoadInitDataViewController.swift */,
				F6DBFDA926E9BAE6001D7520 /* Tab View Controllers */,
				F61C370326B64E2200A2235B /* VenueDetailViewController.swift */,
				F6615ADC26F2746B0096D59D /* BandDetailViewController.swift */,
				F62BC4D226F54839004177BD /* Info View Controllers */,
				F60E865626CC8952001DE21A /* TemporaryViewController.swift */,
				F65F098C26D5AE5F008D18B1 /* RecommendViewController.swift */,
				F6DBFDAA26E9BB5D001D7520 /* PurchaseViewController.swift */,
			);
			path = Controllers;
			sourceTree = "<group>";
		};
		F60B849B26CB507C00C9226F /* Tab Bar */ = {
			isa = PBXGroup;
			children = (
				F60B849526CB4D1600C9226F /* tabBar.png */,
				F60B849726CB506A00C9226F /* dashboardActive.png */,
				F60B849926CB507000C9226F /* dashboardInactive.png */,
			);
			path = "Tab Bar";
			sourceTree = "<group>";
		};
		F60E6BC82648F259001CA06E /* Storyboard */ = {
			isa = PBXGroup;
			children = (
				D8403D112641C4C500E95415 /* LaunchScreen.storyboard */,
				D8403D0C2641C4C400E95415 /* Main.storyboard */,
				D8CED4052641F4100017FD28 /* SignIn.storyboard */,
				F661A5FD26F6950F00A059E2 /* XityDeals.storyboard */,
			);
			path = Storyboard;
			sourceTree = "<group>";
		};
		F60E6BC92648F2AE001CA06E /* Assets */ = {
			isa = PBXGroup;
			children = (
				D8403D062641C4C400E95415 /* AppDelegate.swift */,
				D8403D082641C4C400E95415 /* SceneDelegate.swift */,
				D8403D0F2641C4C500E95415 /* Assets.xcassets */,
				D8403D142641C4C500E95415 /* Info.plist */,
				D8403D3C2641CA0F00E95415 /* GoogleService-Info.plist */,
			);
			path = Assets;
			sourceTree = "<group>";
		};
		F60E6BCD2648F36B001CA06E /* Images */ = {
			isa = PBXGroup;
			children = (
				F6761ED026E6C0A400604E94 /* Business Band Shared Images */,
				F61C370A26B66F8500A2235B /* brickBackground.png */,
				F6DBFDA826E9B161001D7520 /* Puchase Images */,
				F60B849B26CB507C00C9226F /* Tab Bar */,
				F61C370526B64E5A00A2235B /* Button Icons And BG's */,
				F6F3DB3C26AF331C00C49016 /* Cell Images */,
				F6F3DB3D26AF333B00C49016 /* City Images */,
				F6F3DB3E26AF335100C49016 /* Business Type Images */,
				F60E865526CC5DB9001DE21A /* Login Images */,
			);
			path = Images;
			sourceTree = "<group>";
		};
		F60E865526CC5DB9001DE21A /* Login Images */ = {
			isa = PBXGroup;
			children = (
				F60E6BD62648F7C8001CA06E /* PurpleBG.png */,
				F6DBFDA626E9900B001D7520 /* loginLogo.png */,
			);
			path = "Login Images";
			sourceTree = "<group>";
		};
		F61C370526B64E5A00A2235B /* Button Icons And BG's */ = {
			isa = PBXGroup;
			children = (
				F687CD6C26F4980000412C07 /* xitySupportIcon.png */,
				F61C370626B64E5A00A2235B /* directionsIcon.png */,
				F61C370726B64E5A00A2235B /* listenButton.png */,
			);
			path = "Button Icons And BG's";
			sourceTree = "<group>";
		};
		F62BC4D226F54839004177BD /* Info View Controllers */ = {
			isa = PBXGroup;
			children = (
				F62BC4D326F54866004177BD /* SupportInfoViewController.swift */,
			);
			path = "Info View Controllers";
			sourceTree = "<group>";
		};
		F62FEB6B26562A1A008DEF64 /* Settings */ = {
			isa = PBXGroup;
			children = (
				F6DD860E264E658A00C90938 /* SettingsViewController.swift */,
				D8262F0A264467A90050F9CA /* SuggestViewController.swift */,
				F62FEB6F26562A59008DEF64 /* ResetViewController.swift */,
				F6E8EF5A26E70FD000831544 /* PreferredCityTableViewController.swift */,
			);
			path = Settings;
			sourceTree = "<group>";
		};
		F640DD13264E4B9600959358 /* Views */ = {
			isa = PBXGroup;
			children = (
				F640DD0E264E432B00959358 /* DashboardTabBarController.swift */,
				F60B849E26CB6DDA00C9226F /* DashboardTabBar.swift */,
				F61C371026B727B400A2235B /* OperationHoursAlert.swift */,
				F66C99C126BCD17F00A7C135 /* OperationHoursAlert.xib */,
				F6497F5C26BCCAAB005D2D4A /* BannerAdBusinessPicsCollectionViewCell.swift */,
				F64E1414269F984300943371 /* BandVenueCollectionViewCell.swift */,
				F696A72C26AB623A009CB1BD /* CitiesCollectionViewCell.swift */,
				F6268E1126BF695700A0B2F4 /* SearchTableViewCell.swift */,
				F6E8EF5026E70B5800831544 /* PreferredCityTableViewCell.swift */,
				F6FD18C926EAB74400B145AC /* PurchaseCollectionViewCell.swift */,
				F6615ADE26F2CC450096D59D /* ProgressCircle.swift */,
			);
			path = Views;
			sourceTree = "<group>";
		};
		F640DD14264E4BB700959358 /* Login */ = {
			isa = PBXGroup;
			children = (
				D8CED4002641E96D0017FD28 /* SignInViewController.swift */,
			);
			path = Login;
			sourceTree = "<group>";
		};
		F6522D622649AAF400912B90 /* Helpers */ = {
			isa = PBXGroup;
			children = (
				F6522D5D2649AAF000912B90 /* CustomColors.swift */,
				F649ECB0264B2C5500E84408 /* Extensions.swift */,
				F640DD09264E3B7300959358 /* Helper.swift */,
				F60EB6362656D3C400CDB6F6 /* goTonight.json */,
				F67990FF2697AB54000FDC5E /* Notifications.swift */,
				F67991062697F171000FDC5E /* FireStoreReferenceManager.swift */,
				F676F100269947D300C47599 /* Enumerations.swift */,
			);
			path = Helpers;
			sourceTree = "<group>";
		};
		F66C99C526BCD83E00A7C135 /* Logic Controllers */ = {
			isa = PBXGroup;
			children = (
				F676F0FC2699309B00C47599 /* LastModifiedDateHandler.swift */,
				F66206E826B4B9C800BDE93E /* TimeController.swift */,
				F6D67C1A26D75F3400B4823D /* UserAdController.swift */,
				F6E8EF5C26E71E4F00831544 /* SettingsController.swift */,
			);
			path = "Logic Controllers";
			sourceTree = "<group>";
		};
		F67109EF264B64F000FC479B /* Models */ = {
			isa = PBXGroup;
			children = (
				F687CD6526F45E8600412C07 /* User Models */,
				F676F0F426991C6C00C47599 /* Band.swift */,
				F676F0EF26991C6C00C47599 /* BandsRatings.swift */,
				F676F0F226991C6C00C47599 /* Show.swift */,
				F676F0F326991C6C00C47599 /* Business.swift */,
				F67E64E526B0A4DF00ED75D0 /* BusinessBannerAd.swift */,
				F66C99C726BCF5D400A7C135 /* XityShow.swift */,
				F699FFE026C6121A00C73CD6 /* XityBusiness.swift */,
				F699FFE226C613C400C73CD6 /* XityBand.swift */,
				F62EA7FF26D5B27D0048B7AD /* Recommendation.swift */,
			);
			path = Models;
			sourceTree = "<group>";
		};
		F6761ED026E6C0A400604E94 /* Business Band Shared Images */ = {
			isa = PBXGroup;
			children = (
				F6761ED126E6C0A400604E94 /* BusinessBandNameBackground.png */,
			);
			path = "Business Band Shared Images";
			sourceTree = "<group>";
		};
		F67991032697E278000FDC5E /* Model Controllers */ = {
			isa = PBXGroup;
			children = (
				F66C99C326BCD83800A7C135 /* XityShowController.swift */,
				F699FFE426C614ED00C73CD6 /* XityBandController.swift */,
				F699FFE626C6179800C73CD6 /* XityBusinessController.swift */,
				F687CD6A26F46AC500412C07 /* XitySupportController.swift */,
				F67E64E726B0D27900ED75D0 /* BusinessBannerAdController.swift */,
				F6D5945F26BBB1DA005D0DEC /* CurrentUserController.swift */,
				F6DBFDB426E9DCC0001D7520 /* SubscriptionTypeController.swift */,
				F67991042697E2A0000FDC5E /* BusinessController.swift */,
				F676F0FE269947B300C47599 /* BandController.swift */,
				F676F1022699496200C47599 /* ShowController.swift */,
			);
			path = "Model Controllers";
			sourceTree = "<group>";
		};
		F687CD6526F45E8600412C07 /* User Models */ = {
			isa = PBXGroup;
			children = (
				F687CD6626F45ECA00412C07 /* CurrentUser.swift */,
				F687CD6826F45EF300412C07 /* XitySupport.swift */,
				F6DBFDB226E9D88A001D7520 /* SubscriptionType.swift */,
			);
			path = "User Models";
			sourceTree = "<group>";
		};
		F6DBFDA826E9B161001D7520 /* Puchase Images */ = {
			isa = PBXGroup;
			children = (
				F68848BF26ED8779001D06C5 /* rate.jpg */,
				F68848C026ED877E001D06C5 /* reminders.jpg */,
				F6DBFDAC26E9CE42001D7520 /* noAds.jpg */,
				F6DBFDB026E9CE53001D7520 /* unltdFavs.jpg */,
			);
			path = "Puchase Images";
			sourceTree = "<group>";
		};
		F6DBFDA926E9BAE6001D7520 /* Tab View Controllers */ = {
			isa = PBXGroup;
			children = (
				F6923D25264E7F6400A2E036 /* DashboardViewController.swift */,
				F661A5FF26F6959E00A059E2 /* XityDealsViewController.swift */,
				F67990FD26977ED7000FDC5E /* ProfileViewController.swift */,
				D8262F00264466FA0050F9CA /* SearchViewController.swift */,
			);
			path = "Tab View Controllers";
			sourceTree = "<group>";
		};
		F6F3DB3C26AF331C00C49016 /* Cell Images */ = {
			isa = PBXGroup;
			children = (
				F65BC59D26BE8E2400B62C7C /* DefaultBand.png */,
				F696A73C26ABB805009CB1BD /* BandVenueBorderXityPick.png */,
				F60DDB8D269E483E009DD827 /* BandVenueBorder.png */,
			);
			path = "Cell Images";
			sourceTree = "<group>";
		};
		F6F3DB3D26AF333B00C49016 /* City Images */ = {
			isa = PBXGroup;
			children = (
				F696A73326AB7078009CB1BD /* sarasota.png */,
				F6F3DB3A26AF172800C49016 /* bradenton.png */,
				F696A72F26AB7074009CB1BD /* stpete.png */,
				F696A72E26AB7072009CB1BD /* tampa.png */,
				F696A73126AB7076009CB1BD /* venice.png */,
				F696A73226AB7077009CB1BD /* ybor.png */,
			);
			path = "City Images";
			sourceTree = "<group>";
		};
		F6F3DB3E26AF335100C49016 /* Business Type Images */ = {
			isa = PBXGroup;
			children = (
				F66C99C926BD16F400A7C135 /* band.jpg */,
				F6F3DB4226AF337800C49016 /* bar.png */,
				F6F3DB4026AF337600C49016 /* club.png */,
				F6F3DB4426AF337B00C49016 /* family.png */,
				F6F3DB4326AF337900C49016 /* livemusic.png */,
				F6F3DB4126AF337700C49016 /* outdoors.png */,
				F6F3DB3F26AF337400C49016 /* restaurant.png */,
			);
			path = "Business Type Images";
			sourceTree = "<group>";
		};
		F6F59D254F66DCB6A2224A40 /* Pods */ = {
			isa = PBXGroup;
			children = (
				D07375228563F50E49F50E2B /* Pods-Ohmicity.debug.xcconfig */,
				DEBE90EF617AC7701CBA0F7E /* Pods-Ohmicity.release.xcconfig */,
			);
			path = Pods;
			sourceTree = "<group>";
		};
/* End PBXGroup section */

/* Begin PBXNativeTarget section */
		D8403D022641C4C400E95415 /* Ohmicity */ = {
			isa = PBXNativeTarget;
			buildConfigurationList = D8403D2D2641C4C500E95415 /* Build configuration list for PBXNativeTarget "Ohmicity" */;
			buildPhases = (
				0268DA122DCECFE6F9AC42BF /* [CP] Check Pods Manifest.lock */,
				D8403CFF2641C4C400E95415 /* Sources */,
				D8403D002641C4C400E95415 /* Frameworks */,
				D8403D012641C4C400E95415 /* Resources */,
				DA06F9BBA27A54564722A01B /* [CP] Embed Pods Frameworks */,
				20696D9720D82753711B09E6 /* [CP] Copy Pods Resources */,
			);
			buildRules = (
			);
			dependencies = (
			);
			name = Ohmicity;
			productName = Ohmicity;
			productReference = D8403D032641C4C400E95415 /* Ohmicity.app */;
			productType = "com.apple.product-type.application";
		};
/* End PBXNativeTarget section */

/* Begin PBXProject section */
		D8403CFB2641C4C400E95415 /* Project object */ = {
			isa = PBXProject;
			attributes = {
				LastSwiftUpdateCheck = 1230;
				LastUpgradeCheck = 1250;
				TargetAttributes = {
					D8403D022641C4C400E95415 = {
						CreatedOnToolsVersion = 12.3;
					};
				};
			};
			buildConfigurationList = D8403CFE2641C4C400E95415 /* Build configuration list for PBXProject "Ohmicity" */;
			compatibilityVersion = "Xcode 9.3";
			developmentRegion = en;
			hasScannedForEncodings = 0;
			knownRegions = (
				en,
				Base,
			);
			mainGroup = D8403CFA2641C4C400E95415;
			productRefGroup = D8403D042641C4C400E95415 /* Products */;
			projectDirPath = "";
			projectRoot = "";
			targets = (
				D8403D022641C4C400E95415 /* Ohmicity */,
			);
		};
/* End PBXProject section */

/* Begin PBXResourcesBuildPhase section */
		D8403D012641C4C400E95415 /* Resources */ = {
			isa = PBXResourcesBuildPhase;
			buildActionMask = 2147483647;
			files = (
				F66C99CA26BD16F600A7C135 /* band.jpg in Resources */,
				F60DDB8E269E483F009DD827 /* BandVenueBorder.png in Resources */,
				F60E6BD72648F7C8001CA06E /* PurpleBG.png in Resources */,
				F60B849A26CB507200C9226F /* dashboardInactive.png in Resources */,
				F61C370826B64E5B00A2235B /* directionsIcon.png in Resources */,
				F696A73926AB7079009CB1BD /* sarasota.png in Resources */,
				F6F3DB4A26AF337C00C49016 /* family.png in Resources */,
				F60EB6372656D3C400CDB6F6 /* goTonight.json in Resources */,
				F6F3DB4926AF337C00C49016 /* livemusic.png in Resources */,
				D8403D132641C4C500E95415 /* LaunchScreen.storyboard in Resources */,
				D8CED4062641F4100017FD28 /* SignIn.storyboard in Resources */,
				F68848C126ED8782001D06C5 /* rate.jpg in Resources */,
				F661A5FE26F6950F00A059E2 /* XityDeals.storyboard in Resources */,
				F696A73826AB7079009CB1BD /* ybor.png in Resources */,
				F68848C226ED8782001D06C5 /* reminders.jpg in Resources */,
				F696A73D26ABB806009CB1BD /* BandVenueBorderXityPick.png in Resources */,
				F60B849626CB4D1800C9226F /* tabBar.png in Resources */,
				D8403D3D2641CA0F00E95415 /* GoogleService-Info.plist in Resources */,
				F6DBFDB126E9CE56001D7520 /* unltdFavs.jpg in Resources */,
				F60B849826CB506D00C9226F /* dashboardActive.png in Resources */,
				F66C99C226BCD17F00A7C135 /* OperationHoursAlert.xib in Resources */,
				F696A73426AB7079009CB1BD /* tampa.png in Resources */,
				F6DBFDAE26E9CE45001D7520 /* noAds.jpg in Resources */,
				F6F3DB4826AF337C00C49016 /* bar.png in Resources */,
				F6DBFDA726E9900C001D7520 /* loginLogo.png in Resources */,
				F6F3DB4626AF337C00C49016 /* club.png in Resources */,
				F61C370926B64E5B00A2235B /* listenButton.png in Resources */,
				F687CD6D26F4980100412C07 /* xitySupportIcon.png in Resources */,
				F696A73726AB7079009CB1BD /* venice.png in Resources */,
				F6761ED226E6C0A700604E94 /* BusinessBandNameBackground.png in Resources */,
				F61C370B26B66F8600A2235B /* brickBackground.png in Resources */,
				D8403D102641C4C500E95415 /* Assets.xcassets in Resources */,
				F6F3DB3B26AF172900C49016 /* bradenton.png in Resources */,
				F65BC59E26BE8E2600B62C7C /* DefaultBand.png in Resources */,
				F6F3DB4726AF337C00C49016 /* outdoors.png in Resources */,
				D8403D0E2641C4C400E95415 /* Main.storyboard in Resources */,
				F696A73526AB7079009CB1BD /* stpete.png in Resources */,
				F6F3DB4526AF337C00C49016 /* restaurant.png in Resources */,
			);
			runOnlyForDeploymentPostprocessing = 0;
		};
/* End PBXResourcesBuildPhase section */

/* Begin PBXShellScriptBuildPhase section */
		0268DA122DCECFE6F9AC42BF /* [CP] Check Pods Manifest.lock */ = {
			isa = PBXShellScriptBuildPhase;
			buildActionMask = 2147483647;
			files = (
			);
			inputFileListPaths = (
			);
			inputPaths = (
				"${PODS_PODFILE_DIR_PATH}/Podfile.lock",
				"${PODS_ROOT}/Manifest.lock",
			);
			name = "[CP] Check Pods Manifest.lock";
			outputFileListPaths = (
			);
			outputPaths = (
				"$(DERIVED_FILE_DIR)/Pods-Ohmicity-checkManifestLockResult.txt",
			);
			runOnlyForDeploymentPostprocessing = 0;
			shellPath = /bin/sh;
			shellScript = "diff \"${PODS_PODFILE_DIR_PATH}/Podfile.lock\" \"${PODS_ROOT}/Manifest.lock\" > /dev/null\nif [ $? != 0 ] ; then\n    # print error to STDERR\n    echo \"error: The sandbox is not in sync with the Podfile.lock. Run 'pod install' or update your CocoaPods installation.\" >&2\n    exit 1\nfi\n# This output is used by Xcode 'outputs' to avoid re-running this script phase.\necho \"SUCCESS\" > \"${SCRIPT_OUTPUT_FILE_0}\"\n";
			showEnvVarsInLog = 0;
		};
		20696D9720D82753711B09E6 /* [CP] Copy Pods Resources */ = {
			isa = PBXShellScriptBuildPhase;
			buildActionMask = 2147483647;
			files = (
			);
			inputFileListPaths = (
				"${PODS_ROOT}/Target Support Files/Pods-Ohmicity/Pods-Ohmicity-resources-${CONFIGURATION}-input-files.xcfilelist",
			);
			name = "[CP] Copy Pods Resources";
			outputFileListPaths = (
				"${PODS_ROOT}/Target Support Files/Pods-Ohmicity/Pods-Ohmicity-resources-${CONFIGURATION}-output-files.xcfilelist",
			);
			runOnlyForDeploymentPostprocessing = 0;
			shellPath = /bin/sh;
			shellScript = "\"${PODS_ROOT}/Target Support Files/Pods-Ohmicity/Pods-Ohmicity-resources.sh\"\n";
			showEnvVarsInLog = 0;
		};
		DA06F9BBA27A54564722A01B /* [CP] Embed Pods Frameworks */ = {
			isa = PBXShellScriptBuildPhase;
			buildActionMask = 2147483647;
			files = (
			);
			inputFileListPaths = (
				"${PODS_ROOT}/Target Support Files/Pods-Ohmicity/Pods-Ohmicity-frameworks-${CONFIGURATION}-input-files.xcfilelist",
			);
			name = "[CP] Embed Pods Frameworks";
			outputFileListPaths = (
				"${PODS_ROOT}/Target Support Files/Pods-Ohmicity/Pods-Ohmicity-frameworks-${CONFIGURATION}-output-files.xcfilelist",
			);
			runOnlyForDeploymentPostprocessing = 0;
			shellPath = /bin/sh;
			shellScript = "\"${PODS_ROOT}/Target Support Files/Pods-Ohmicity/Pods-Ohmicity-frameworks.sh\"\n";
			showEnvVarsInLog = 0;
		};
/* End PBXShellScriptBuildPhase section */

/* Begin PBXSourcesBuildPhase section */
		D8403CFF2641C4C400E95415 /* Sources */ = {
			isa = PBXSourcesBuildPhase;
			buildActionMask = 2147483647;
			files = (
				F61C370426B64E2200A2235B /* VenueDetailViewController.swift in Sources */,
				F649ECB1264B2C5500E84408 /* Extensions.swift in Sources */,
				F6DBFDB326E9D88A001D7520 /* SubscriptionType.swift in Sources */,
				F67991002697AB54000FDC5E /* Notifications.swift in Sources */,
				F6FD18CA26EAB74400B145AC /* PurchaseCollectionViewCell.swift in Sources */,
				D8262F01264466FA0050F9CA /* SearchViewController.swift in Sources */,
				F6615ADD26F2746B0096D59D /* BandDetailViewController.swift in Sources */,
				D8403D072641C4C400E95415 /* AppDelegate.swift in Sources */,
				F60B849F26CB6DDA00C9226F /* DashboardTabBar.swift in Sources */,
				F6E8EF5D26E71E4F00831544 /* SettingsController.swift in Sources */,
				F67E64E626B0A4DF00ED75D0 /* BusinessBannerAd.swift in Sources */,
				F699FFE326C613C400C73CD6 /* XityBand.swift in Sources */,
				D8403D092641C4C400E95415 /* SceneDelegate.swift in Sources */,
				F687CD6926F45EF300412C07 /* XitySupport.swift in Sources */,
				F62BC4D426F54866004177BD /* SupportInfoViewController.swift in Sources */,
				F64E1416269F984300943371 /* BandVenueCollectionViewCell.swift in Sources */,
				F676F0FB26991C6C00C47599 /* Band.swift in Sources */,
				F696A72D26AB623A009CB1BD /* CitiesCollectionViewCell.swift in Sources */,
				F62EA80026D5B27D0048B7AD /* Recommendation.swift in Sources */,
				D8262F0B264467A90050F9CA /* SuggestViewController.swift in Sources */,
				F676F0FF269947B300C47599 /* BandController.swift in Sources */,
				F61C371126B727B400A2235B /* OperationHoursAlert.swift in Sources */,
				F67990FE26977ED7000FDC5E /* ProfileViewController.swift in Sources */,
				F66C99C426BCD83800A7C135 /* XityShowController.swift in Sources */,
				F62FEB7026562A59008DEF64 /* ResetViewController.swift in Sources */,
				F6DBFDAB26E9BB5D001D7520 /* PurchaseViewController.swift in Sources */,
				F661A60026F6959E00A059E2 /* XityDealsViewController.swift in Sources */,
				F676F0F926991C6C00C47599 /* Show.swift in Sources */,
				F699FFE126C6121A00C73CD6 /* XityBusiness.swift in Sources */,
				F699FFE726C6179800C73CD6 /* XityBusinessController.swift in Sources */,
				F6DD860F264E658A00C90938 /* SettingsViewController.swift in Sources */,
				F6497F5D26BCCAAB005D2D4A /* BannerAdBusinessPicsCollectionViewCell.swift in Sources */,
				F6923D26264E7F6400A2E036 /* DashboardViewController.swift in Sources */,
				F60E865726CC8952001DE21A /* TemporaryViewController.swift in Sources */,
				F6D5946026BBB1DA005D0DEC /* CurrentUserController.swift in Sources */,
				F64E1419269FC3B100943371 /* LoadInitDataViewController.swift in Sources */,
				F6E8EF5126E70B5800831544 /* PreferredCityTableViewCell.swift in Sources */,
				F67991052697E2A0000FDC5E /* BusinessController.swift in Sources */,
				F6DBFDB526E9DCC0001D7520 /* SubscriptionTypeController.swift in Sources */,
				F66C99C826BCF5D400A7C135 /* XityShow.swift in Sources */,
				F65F098D26D5AE5F008D18B1 /* RecommendViewController.swift in Sources */,
				F640DD0A264E3B7300959358 /* Helper.swift in Sources */,
				F676F1032699496200C47599 /* ShowController.swift in Sources */,
				D8CED4012641E96D0017FD28 /* SignInViewController.swift in Sources */,
				F6268E1226BF695700A0B2F4 /* SearchTableViewCell.swift in Sources */,
				F67991072697F171000FDC5E /* FireStoreReferenceManager.swift in Sources */,
				F6522D5E2649AAF000912B90 /* CustomColors.swift in Sources */,
				F6D67C1B26D75F3400B4823D /* UserAdController.swift in Sources */,
				F67E64E826B0D27900ED75D0 /* BusinessBannerAdController.swift in Sources */,
				F6615ADF26F2CC450096D59D /* ProgressCircle.swift in Sources */,
				F6E8EF5B26E70FD000831544 /* PreferredCityTableViewController.swift in Sources */,
				F687CD6B26F46AC500412C07 /* XitySupportController.swift in Sources */,
				F676F0FA26991C6C00C47599 /* Business.swift in Sources */,
				F676F0F626991C6C00C47599 /* BandsRatings.swift in Sources */,
				F676F101269947D300C47599 /* Enumerations.swift in Sources */,
				F640DD0F264E432C00959358 /* DashboardTabBarController.swift in Sources */,
				F699FFE526C614ED00C73CD6 /* XityBandController.swift in Sources */,
				F676F0FD2699309B00C47599 /* LastModifiedDateHandler.swift in Sources */,
				F687CD6726F45ECA00412C07 /* CurrentUser.swift in Sources */,
				F66206E926B4B9C800BDE93E /* TimeController.swift in Sources */,
			);
			runOnlyForDeploymentPostprocessing = 0;
		};
/* End PBXSourcesBuildPhase section */

/* Begin PBXVariantGroup section */
		D8403D0C2641C4C400E95415 /* Main.storyboard */ = {
			isa = PBXVariantGroup;
			children = (
				D8403D0D2641C4C400E95415 /* Base */,
			);
			name = Main.storyboard;
			sourceTree = "<group>";
		};
		D8403D112641C4C500E95415 /* LaunchScreen.storyboard */ = {
			isa = PBXVariantGroup;
			children = (
				D8403D122641C4C500E95415 /* Base */,
			);
			name = LaunchScreen.storyboard;
			sourceTree = "<group>";
		};
/* End PBXVariantGroup section */

/* Begin XCBuildConfiguration section */
		D8403D2B2641C4C500E95415 /* Debug */ = {
			isa = XCBuildConfiguration;
			buildSettings = {
				ALWAYS_SEARCH_USER_PATHS = NO;
				CLANG_ANALYZER_NONNULL = YES;
				CLANG_ANALYZER_NUMBER_OBJECT_CONVERSION = YES_AGGRESSIVE;
				CLANG_CXX_LANGUAGE_STANDARD = "gnu++14";
				CLANG_CXX_LIBRARY = "libc++";
				CLANG_ENABLE_MODULES = YES;
				CLANG_ENABLE_OBJC_ARC = YES;
				CLANG_ENABLE_OBJC_WEAK = YES;
				CLANG_WARN_BLOCK_CAPTURE_AUTORELEASING = YES;
				CLANG_WARN_BOOL_CONVERSION = YES;
				CLANG_WARN_COMMA = YES;
				CLANG_WARN_CONSTANT_CONVERSION = YES;
				CLANG_WARN_DEPRECATED_OBJC_IMPLEMENTATIONS = YES;
				CLANG_WARN_DIRECT_OBJC_ISA_USAGE = YES_ERROR;
				CLANG_WARN_DOCUMENTATION_COMMENTS = YES;
				CLANG_WARN_EMPTY_BODY = YES;
				CLANG_WARN_ENUM_CONVERSION = YES;
				CLANG_WARN_INFINITE_RECURSION = YES;
				CLANG_WARN_INT_CONVERSION = YES;
				CLANG_WARN_NON_LITERAL_NULL_CONVERSION = YES;
				CLANG_WARN_OBJC_IMPLICIT_RETAIN_SELF = YES;
				CLANG_WARN_OBJC_LITERAL_CONVERSION = YES;
				CLANG_WARN_OBJC_ROOT_CLASS = YES_ERROR;
				CLANG_WARN_QUOTED_INCLUDE_IN_FRAMEWORK_HEADER = YES;
				CLANG_WARN_RANGE_LOOP_ANALYSIS = YES;
				CLANG_WARN_STRICT_PROTOTYPES = YES;
				CLANG_WARN_SUSPICIOUS_MOVE = YES;
				CLANG_WARN_UNGUARDED_AVAILABILITY = YES_AGGRESSIVE;
				CLANG_WARN_UNREACHABLE_CODE = YES;
				CLANG_WARN__DUPLICATE_METHOD_MATCH = YES;
				COPY_PHASE_STRIP = NO;
				DEBUG_INFORMATION_FORMAT = dwarf;
				ENABLE_STRICT_OBJC_MSGSEND = YES;
				ENABLE_TESTABILITY = YES;
				GCC_C_LANGUAGE_STANDARD = gnu11;
				GCC_DYNAMIC_NO_PIC = NO;
				GCC_NO_COMMON_BLOCKS = YES;
				GCC_OPTIMIZATION_LEVEL = 0;
				GCC_PREPROCESSOR_DEFINITIONS = (
					"DEBUG=1",
					"$(inherited)",
				);
				GCC_WARN_64_TO_32_BIT_CONVERSION = YES;
				GCC_WARN_ABOUT_RETURN_TYPE = YES_ERROR;
				GCC_WARN_UNDECLARED_SELECTOR = YES;
				GCC_WARN_UNINITIALIZED_AUTOS = YES_AGGRESSIVE;
				GCC_WARN_UNUSED_FUNCTION = YES;
				GCC_WARN_UNUSED_VARIABLE = YES;
				IPHONEOS_DEPLOYMENT_TARGET = 14.3;
				MTL_ENABLE_DEBUG_INFO = INCLUDE_SOURCE;
				MTL_FAST_MATH = YES;
				ONLY_ACTIVE_ARCH = YES;
				SDKROOT = iphoneos;
				SWIFT_ACTIVE_COMPILATION_CONDITIONS = DEBUG;
				SWIFT_OPTIMIZATION_LEVEL = "-Onone";
			};
			name = Debug;
		};
		D8403D2C2641C4C500E95415 /* Release */ = {
			isa = XCBuildConfiguration;
			buildSettings = {
				ALWAYS_SEARCH_USER_PATHS = NO;
				CLANG_ANALYZER_NONNULL = YES;
				CLANG_ANALYZER_NUMBER_OBJECT_CONVERSION = YES_AGGRESSIVE;
				CLANG_CXX_LANGUAGE_STANDARD = "gnu++14";
				CLANG_CXX_LIBRARY = "libc++";
				CLANG_ENABLE_MODULES = YES;
				CLANG_ENABLE_OBJC_ARC = YES;
				CLANG_ENABLE_OBJC_WEAK = YES;
				CLANG_WARN_BLOCK_CAPTURE_AUTORELEASING = YES;
				CLANG_WARN_BOOL_CONVERSION = YES;
				CLANG_WARN_COMMA = YES;
				CLANG_WARN_CONSTANT_CONVERSION = YES;
				CLANG_WARN_DEPRECATED_OBJC_IMPLEMENTATIONS = YES;
				CLANG_WARN_DIRECT_OBJC_ISA_USAGE = YES_ERROR;
				CLANG_WARN_DOCUMENTATION_COMMENTS = YES;
				CLANG_WARN_EMPTY_BODY = YES;
				CLANG_WARN_ENUM_CONVERSION = YES;
				CLANG_WARN_INFINITE_RECURSION = YES;
				CLANG_WARN_INT_CONVERSION = YES;
				CLANG_WARN_NON_LITERAL_NULL_CONVERSION = YES;
				CLANG_WARN_OBJC_IMPLICIT_RETAIN_SELF = YES;
				CLANG_WARN_OBJC_LITERAL_CONVERSION = YES;
				CLANG_WARN_OBJC_ROOT_CLASS = YES_ERROR;
				CLANG_WARN_QUOTED_INCLUDE_IN_FRAMEWORK_HEADER = YES;
				CLANG_WARN_RANGE_LOOP_ANALYSIS = YES;
				CLANG_WARN_STRICT_PROTOTYPES = YES;
				CLANG_WARN_SUSPICIOUS_MOVE = YES;
				CLANG_WARN_UNGUARDED_AVAILABILITY = YES_AGGRESSIVE;
				CLANG_WARN_UNREACHABLE_CODE = YES;
				CLANG_WARN__DUPLICATE_METHOD_MATCH = YES;
				COPY_PHASE_STRIP = NO;
				DEBUG_INFORMATION_FORMAT = "dwarf-with-dsym";
				ENABLE_NS_ASSERTIONS = NO;
				ENABLE_STRICT_OBJC_MSGSEND = YES;
				GCC_C_LANGUAGE_STANDARD = gnu11;
				GCC_NO_COMMON_BLOCKS = YES;
				GCC_WARN_64_TO_32_BIT_CONVERSION = YES;
				GCC_WARN_ABOUT_RETURN_TYPE = YES_ERROR;
				GCC_WARN_UNDECLARED_SELECTOR = YES;
				GCC_WARN_UNINITIALIZED_AUTOS = YES_AGGRESSIVE;
				GCC_WARN_UNUSED_FUNCTION = YES;
				GCC_WARN_UNUSED_VARIABLE = YES;
				IPHONEOS_DEPLOYMENT_TARGET = 14.3;
				MTL_ENABLE_DEBUG_INFO = NO;
				MTL_FAST_MATH = YES;
				SDKROOT = iphoneos;
				SWIFT_COMPILATION_MODE = wholemodule;
				SWIFT_OPTIMIZATION_LEVEL = "-O";
				VALIDATE_PRODUCT = YES;
			};
			name = Release;
		};
		D8403D2E2641C4C500E95415 /* Debug */ = {
			isa = XCBuildConfiguration;
			baseConfigurationReference = D07375228563F50E49F50E2B /* Pods-Ohmicity.debug.xcconfig */;
			buildSettings = {
				ASSETCATALOG_COMPILER_APPICON_NAME = AppIcon;
				ASSETCATALOG_COMPILER_GLOBAL_ACCENT_COLOR_NAME = AccentColor;
				CODE_SIGN_ENTITLEMENTS = Ohmicity/Ohmicity.entitlements;
				CODE_SIGN_STYLE = Automatic;
				CURRENT_PROJECT_VERSION = 7;
				DEVELOPMENT_TEAM = 8492LT54LT;
				INFOPLIST_FILE = "$(SRCROOT)/Ohmicity/Assets/Info.plist";
				LD_RUNPATH_SEARCH_PATHS = (
					"$(inherited)",
					"@executable_path/Frameworks",
				);
				MARKETING_VERSION = 1.01;
				PRODUCT_BUNDLE_IDENTIFIER = NathanHedgeman.Ohmicity;
				PRODUCT_NAME = "$(TARGET_NAME)";
				SWIFT_VERSION = 5.0;
				TARGETED_DEVICE_FAMILY = 1;
			};
			name = Debug;
		};
		D8403D2F2641C4C500E95415 /* Release */ = {
			isa = XCBuildConfiguration;
			baseConfigurationReference = DEBE90EF617AC7701CBA0F7E /* Pods-Ohmicity.release.xcconfig */;
			buildSettings = {
				ASSETCATALOG_COMPILER_APPICON_NAME = AppIcon;
				ASSETCATALOG_COMPILER_GLOBAL_ACCENT_COLOR_NAME = AccentColor;
				CODE_SIGN_ENTITLEMENTS = Ohmicity/Ohmicity.entitlements;
				CODE_SIGN_STYLE = Automatic;
				CURRENT_PROJECT_VERSION = 7;
				DEVELOPMENT_TEAM = 8492LT54LT;
				INFOPLIST_FILE = "$(SRCROOT)/Ohmicity/Assets/Info.plist";
				LD_RUNPATH_SEARCH_PATHS = (
					"$(inherited)",
					"@executable_path/Frameworks",
				);
				MARKETING_VERSION = 1.01;
				PRODUCT_BUNDLE_IDENTIFIER = NathanHedgeman.Ohmicity;
				PRODUCT_NAME = "$(TARGET_NAME)";
				SWIFT_VERSION = 5.0;
				TARGETED_DEVICE_FAMILY = 1;
			};
			name = Release;
		};
/* End XCBuildConfiguration section */

/* Begin XCConfigurationList section */
		D8403CFE2641C4C400E95415 /* Build configuration list for PBXProject "Ohmicity" */ = {
			isa = XCConfigurationList;
			buildConfigurations = (
				D8403D2B2641C4C500E95415 /* Debug */,
				D8403D2C2641C4C500E95415 /* Release */,
			);
			defaultConfigurationIsVisible = 0;
			defaultConfigurationName = Release;
		};
		D8403D2D2641C4C500E95415 /* Build configuration list for PBXNativeTarget "Ohmicity" */ = {
			isa = XCConfigurationList;
			buildConfigurations = (
				D8403D2E2641C4C500E95415 /* Debug */,
				D8403D2F2641C4C500E95415 /* Release */,
			);
			defaultConfigurationIsVisible = 0;
			defaultConfigurationName = Release;
		};
/* End XCConfigurationList section */
	};
	rootObject = D8403CFB2641C4C400E95415 /* Project object */;
}
