{
  "object": {
    "pins": [
      {
        "package": "DeviceKit",
        "repositoryURL": "https://github.com/devicekit/DeviceKit.git",
        "state": {
          "branch": "master",
          "revision": "da57c444cbb7b6159aa871534d4cf2616d1d55c6",
          "version": null
        }
      },
      {
        "package": "Qonversion",
        "repositoryURL": "https://github.com/qonversion/qonversion-ios-sdk",
        "state": {
          "branch": "develop",
          "revision": "1ece2a0e3690be20e93b74ea09a7d5a297b2ba6f",
          "version": null
        }
      }
    ]
  },
  "version": 1
}
