{
  "object": {
    "pins": [
      {
        "package": "DeviceKit",
        "repositoryURL": "https://github.com/devicekit/DeviceKit.git",
        "state": {
          "branch": "master",
          "revision": "af953dafc2f9e22ad92c607cc7d8ae4a65cce695",
          "version": null
        }
      },
      {
        "package": "Qonversion",
        "repositoryURL": "https://github.com/qonversion/qonversion-ios-sdk",
        "state": {
          "branch": "develop",
          "revision": "7ed44d16045639238a3d127c065f1150d264b483",
          "version": null
        }
      }
    ]
  },
  "version": 1
}
